
Microsoft Visual Studio Solution File, Format Version 12.00
# Visual Studio Version 16
VisualStudioVersion = 16.0.32901.82
MinimumVisualStudioVersion = 10.0.40219.1
Project("{FAE04EC0-301F-11D3-BF4B-00C04F79EFBC}") = "EventSniper", "EventSniper.csproj", "{CC07257E-C611-4AC9-B22D-BD8525BF8DD9}"
EndProject
Global
	GlobalSection(SolutionConfigurationPlatforms) = preSolution
		Debug|Any CPU = Debug|Any CPU
		Release|Any CPU = Release|Any CPU
	EndGlobalSection
	GlobalSection(ProjectConfigurationPlatforms) = postSolution
		{CC07257E-C611-4AC9-B22D-BD8525BF8DD9}.Debug|Any CPU.ActiveCfg = Debug|Any CPU
		{CC07257E-C611-4AC9-B22D-BD8525BF8DD9}.Debug|Any CPU.Build.0 = Debug|Any CPU
		{CC07257E-C611-4AC9-B22D-BD8525BF8DD9}.Release|Any CPU.ActiveCfg = Release|Any CPU
		{CC07257E-C611-4AC9-B22D-BD8525BF8DD9}.Release|Any CPU.Build.0 = Release|Any CPU
	EndGlobalSection
	GlobalSection(SolutionProperties) = preSolution
		HideSolutionNode = FALSE
	EndGlobalSection
	GlobalSection(ExtensibilityGlobals) = postSolution
		SolutionGuid = {1597B390-2D86-4678-9B9F-BD0F78938241}
	EndGlobalSection
EndGlobal
